// !$*UTF8*$!
{
	archiveVersion = 1;
	classes = {
	};
	objectVersion = 46;
	objects = {

/* Begin PBXBuildFile section */
		CFDFAB8B1DC1CBA0008A8ED9 /* main.cpp in Sources */ = {isa = PBXBuildFile; fileRef = CFDFAB8A1DC1CBA0008A8ED9 /* main.cpp */; };
/* End PBXBuildFile section */

/* Begin PBXCopyFilesBuildPhase section */
		CFDFAB851DC1CBA0008A8ED9 /* CopyFiles */ = {
			isa = PBXCopyFilesBuildPhase;
			buildActionMask = 2147483647;
			dstPath = /usr/share/man/man1/;
			dstSubfolderSpec = 0;
			files = (
			);
			runOnlyForDeploymentPostprocessing = 1;
		};
/* End PBXCopyFilesBuildPhase section */

/* Begin PBXFileReference section */
		CFDFAB871DC1CBA0008A8ED9 /* 3.1.2-ScoreInflation */ = {isa = PBXFileReference; explicitFileType = "compiled.mach-o.executable"; includeInIndex = 0; path = "3.1.2-ScoreInflation"; sourceTree = BUILT_PRODUCTS_DIR; };
		CFDFAB8A1DC1CBA0008A8ED9 /* main.cpp */ = {isa = PBXFileReference; lastKnownFileType = sourcecode.cpp.cpp; path = main.cpp; sourceTree = "<group>"; };
/* End PBXFileReference section */

/* Begin PBXFrameworksBuildPhase section */
		CFDFAB841DC1CBA0008A8ED9 /* Frameworks */ = {
			isa = PBXFrameworksBuildPhase;
			buildActionMask = 2147483647;
			files = (
			);
			runOnlyForDeploymentPostprocessing = 0;
		};
/* End PBXFrameworksBuildPhase section */

/* Begin PBXGroup section */
		CFDFAB7E1DC1CBA0008A8ED9 = {
			isa = PBXGroup;
			children = (
				CFDFAB891DC1CBA0008A8ED9 /* 3.1.2-ScoreInflation */,
				CFDFAB881DC1CBA0008A8ED9 /* Products */,
			);
			sourceTree = "<group>";
		};
		CFDFAB881DC1CBA0008A8ED9 /* Products */ = {
			isa = PBXGroup;
			children = (
				CFDFAB871DC1CBA0008A8ED9 /* 3.1.2-ScoreInflation */,
			);
			name = Products;
			sourceTree = "<group>";
		};
		CFDFAB891DC1CBA0008A8ED9 /* 3.1.2-ScoreInflation */ = {
			isa = PBXGroup;
			children = (
				CFDFAB8A1DC1CBA0008A8ED9 /* main.cpp */,
			);
			path = "3.1.2-ScoreInflation";
			sourceTree = "<group>";
		};
/* End PBXGroup section */

/* Begin PBXNativeTarget section */
		CFDFAB861DC1CBA0008A8ED9 /* 3.1.2-ScoreInflation */ = {
			isa = PBXNativeTarget;
			buildConfigurationList = CFDFAB8E1DC1CBA0008A8ED9 /* Build configuration list for PBXNativeTarget "3.1.2-ScoreInflation" */;
			buildPhases = (
				CFDFAB831DC1CBA0008A8ED9 /* Sources */,
				CFDFAB841DC1CBA0008A8ED9 /* Frameworks */,
				CFDFAB851DC1CBA0008A8ED9 /* CopyFiles */,
			);
			buildRules = (
			);
			dependencies = (
			);
			name = "3.1.2-ScoreInflation";
			productName = "3.1.2-ScoreInflation";
			productReference = CFDFAB871DC1CBA0008A8ED9 /* 3.1.2-ScoreInflation */;
			productType = "com.apple.product-type.tool";
		};
/* End PBXNativeTarget section */

/* Begin PBXProject section */
		CFDFAB7F1DC1CBA0008A8ED9 /* Project object */ = {
			isa = PBXProject;
			attributes = {
				LastUpgradeCheck = 0800;
				ORGANIZATIONNAME = "Yiran Wang";
				TargetAttributes = {
					CFDFAB861DC1CBA0008A8ED9 = {
						CreatedOnToolsVersion = 8.0;
						ProvisioningStyle = Automatic;
					};
				};
			};
			buildConfigurationList = CFDFAB821DC1CBA0008A8ED9 /* Build configuration list for PBXProject "3.1.2-ScoreInflation" */;
			compatibilityVersion = "Xcode 3.2";
			developmentRegion = English;
			hasScannedForEncodings = 0;
			knownRegions = (
				en,
			);
			mainGroup = CFDFAB7E1DC1CBA0008A8ED9;
			productRefGroup = CFDFAB881DC1CBA0008A8ED9 /* Products */;
			projectDirPath = "";
			projectRoot = "";
			targets = (
				CFDFAB861DC1CBA0008A8ED9 /* 3.1.2-ScoreInflation */,
			);
		};
/* End PBXProject section */

/* Begin PBXSourcesBuildPhase section */
		CFDFAB831DC1CBA0008A8ED9 /* Sources */ = {
			isa = PBXSourcesBuildPhase;
			buildActionMask = 2147483647;
			files = (
				CFDFAB8B1DC1CBA0008A8ED9 /* main.cpp in Sources */,
			);
			runOnlyForDeploymentPostprocessing = 0;
		};
/* End PBXSourcesBuildPhase section */

/* Begin XCBuildConfiguration section */
		CFDFAB8C1DC1CBA0008A8ED9 /* Debug */ = {
			isa = XCBuildConfiguration;
			buildSettings = {
				ALWAYS_SEARCH_USER_PATHS = NO;
				CLANG_ANALYZER_NONNULL = YES;
				CLANG_CXX_LANGUAGE_STANDARD = "gnu++0x";
				CLANG_CXX_LIBRARY = "libc++";
				CLANG_ENABLE_MODULES = YES;
				CLANG_ENABLE_OBJC_ARC = YES;
				CLANG_WARN_BOOL_CONVERSION = YES;
				CLANG_WARN_CONSTANT_CONVERSION = YES;
				CLANG_WARN_DIRECT_OBJC_ISA_USAGE = YES_ERROR;
				CLANG_WARN_DOCUMENTATION_COMMENTS = YES;
				CLANG_WARN_EMPTY_BODY = YES;
				CLANG_WARN_ENUM_CONVERSION = YES;
				CLANG_WARN_INFINITE_RECURSION = YES;
				CLANG_WARN_INT_CONVERSION = YES;
				CLANG_WARN_OBJC_ROOT_CLASS = YES_ERROR;
				CLANG_WARN_SUSPICIOUS_MOVES = YES;
				CLANG_WARN_UNREACHABLE_CODE = YES;
				CLANG_WARN__DUPLICATE_METHOD_MATCH = YES;
				CODE_SIGN_IDENTITY = "-";
				COPY_PHASE_STRIP = NO;
				DEBUG_INFORMATION_FORMAT = dwarf;
				ENABLE_STRICT_OBJC_MSGSEND = YES;
				ENABLE_TESTABILITY = YES;
				GCC_C_LANGUAGE_STANDARD = gnu99;
				GCC_DYNAMIC_NO_PIC = NO;
				GCC_NO_COMMON_BLOCKS = YES;
				GCC_OPTIMIZATION_LEVEL = 0;
				GCC_PREPROCESSOR_DEFINITIONS = (
					"DEBUG=1",
					"$(inherited)",
				);
				GCC_WARN_64_TO_32_BIT_CONVERSION = YES;
				GCC_WARN_ABOUT_RETURN_TYPE = YES_ERROR;
				GCC_WARN_UNDECLARED_SELECTOR = YES;
				GCC_WARN_UNINITIALIZED_AUTOS = YES_AGGRESSIVE;
				GCC_WARN_UNUSED_FUNCTION = YES;
				GCC_WARN_UNUSED_VARIABLE = YES;
				MACOSX_DEPLOYMENT_TARGET = 10.12;
				MTL_ENABLE_DEBUG_INFO = YES;
				ONLY_ACTIVE_ARCH = YES;
				SDKROOT = macosx;
			};
			name = Debug;
		};
		CFDFAB8D1DC1CBA0008A8ED9 /* Release */ = {
			isa = XCBuildConfiguration;
			buildSettings = {
				ALWAYS_SEARCH_USER_PATHS = NO;
				CLANG_ANALYZER_NONNULL = YES;
				CLANG_CXX_LANGUAGE_STANDARD = "gnu++0x";
				CLANG_CXX_LIBRARY = "libc++";
				CLANG_ENABLE_MODULES = YES;
				CLANG_ENABLE_OBJC_ARC = YES;
				CLANG_WARN_BOOL_CONVERSION = YES;
				CLANG_WARN_CONSTANT_CONVERSION = YES;
				CLANG_WARN_DIRECT_OBJC_ISA_USAGE = YES_ERROR;
				CLANG_WARN_DOCUMENTATION_COMMENTS = YES;
				CLANG_WARN_EMPTY_BODY = YES;
				CLANG_WARN_ENUM_CONVERSION = YES;
				CLANG_WARN_INFINITE_RECURSION = YES;
				CLANG_WARN_INT_CONVERSION = YES;
				CLANG_WARN_OBJC_ROOT_CLASS = YES_ERROR;
				CLANG_WARN_SUSPICIOUS_MOVES = YES;
				CLANG_WARN_UNREACHABLE_CODE = YES;
				CLANG_WARN__DUPLICATE_METHOD_MATCH = YES;
				CODE_SIGN_IDENTITY = "-";
				COPY_PHASE_STRIP = NO;
				DEBUG_INFORMATION_FORMAT = "dwarf-with-dsym";
				ENABLE_NS_ASSERTIONS = NO;
				ENABLE_STRICT_OBJC_MSGSEND = YES;
				GCC_C_LANGUAGE_STANDARD = gnu99;
				GCC_NO_COMMON_BLOCKS = YES;
				GCC_WARN_64_TO_32_BIT_CONVERSION = YES;
				GCC_WARN_ABOUT_RETURN_TYPE = YES_ERROR;
				GCC_WARN_UNDECLARED_SELECTOR = YES;
				GCC_WARN_UNINITIALIZED_AUTOS = YES_AGGRESSIVE;
				GCC_WARN_UNUSED_FUNCTION = YES;
				GCC_WARN_UNUSED_VARIABLE = YES;
				MACOSX_DEPLOYMENT_TARGET = 10.12;
				MTL_ENABLE_DEBUG_INFO = NO;
				SDKROOT = macosx;
			};
			name = Release;
		};
		CFDFAB8F1DC1CBA0008A8ED9 /* Debug */ = {
			isa = XCBuildConfiguration;
			buildSettings = {
				PRODUCT_NAME = "$(TARGET_NAME)";
			};
			name = Debug;
		};
		CFDFAB901DC1CBA0008A8ED9 /* Release */ = {
			isa = XCBuildConfiguration;
			buildSettings = {
				PRODUCT_NAME = "$(TARGET_NAME)";
			};
			name = Release;
		};
/* End XCBuildConfiguration section */

/* Begin XCConfigurationList section */
		CFDFAB821DC1CBA0008A8ED9 /* Build configuration list for PBXProject "3.1.2-ScoreInflation" */ = {
			isa = XCConfigurationList;
			buildConfigurations = (
				CFDFAB8C1DC1CBA0008A8ED9 /* Debug */,
				CFDFAB8D1DC1CBA0008A8ED9 /* Release */,
			);
			defaultConfigurationIsVisible = 0;
			defaultConfigurationName = Release;
		};
		CFDFAB8E1DC1CBA0008A8ED9 /* Build configuration list for PBXNativeTarget "3.1.2-ScoreInflation" */ = {
			isa = XCConfigurationList;
			buildConfigurations = (
				CFDFAB8F1DC1CBA0008A8ED9 /* Debug */,
				CFDFAB901DC1CBA0008A8ED9 /* Release */,
			);
			defaultConfigurationIsVisible = 0;
		};
/* End XCConfigurationList section */
	};
	rootObject = CFDFAB7F1DC1CBA0008A8ED9 /* Project object */;
}
