// !$*UTF8*$!
{
	archiveVersion = 1;
	classes = {
	};
	objectVersion = 46;
	objects = {

/* Begin PBXBuildFile section */
		CF8AFE511DC05F99005FB1DD /* main.cpp in Sources */ = {isa = PBXBuildFile; fileRef = CF8AFE501DC05F99005FB1DD /* main.cpp */; };
/* End PBXBuildFile section */

/* Begin PBXCopyFilesBuildPhase section */
		CF8AFE4B1DC05F99005FB1DD /* CopyFiles */ = {
			isa = PBXCopyFilesBuildPhase;
			buildActionMask = 2147483647;
			dstPath = /usr/share/man/man1/;
			dstSubfolderSpec = 0;
			files = (
			);
			runOnlyForDeploymentPostprocessing = 1;
		};
/* End PBXCopyFilesBuildPhase section */

/* Begin PBXFileReference section */
		CF8AFE4D1DC05F99005FB1DD /* 2.4.5-FractionsToDecimals */ = {isa = PBXFileReference; explicitFileType = "compiled.mach-o.executable"; includeInIndex = 0; path = "2.4.5-FractionsToDecimals"; sourceTree = BUILT_PRODUCTS_DIR; };
		CF8AFE501DC05F99005FB1DD /* main.cpp */ = {isa = PBXFileReference; lastKnownFileType = sourcecode.cpp.cpp; path = main.cpp; sourceTree = "<group>"; };
/* End PBXFileReference section */

/* Begin PBXFrameworksBuildPhase section */
		CF8AFE4A1DC05F99005FB1DD /* Frameworks */ = {
			isa = PBXFrameworksBuildPhase;
			buildActionMask = 2147483647;
			files = (
			);
			runOnlyForDeploymentPostprocessing = 0;
		};
/* End PBXFrameworksBuildPhase section */

/* Begin PBXGroup section */
		CF8AFE441DC05F99005FB1DD = {
			isa = PBXGroup;
			children = (
				CF8AFE4F1DC05F99005FB1DD /* 2.4.5-FractionsToDecimals */,
				CF8AFE4E1DC05F99005FB1DD /* Products */,
			);
			sourceTree = "<group>";
		};
		CF8AFE4E1DC05F99005FB1DD /* Products */ = {
			isa = PBXGroup;
			children = (
				CF8AFE4D1DC05F99005FB1DD /* 2.4.5-FractionsToDecimals */,
			);
			name = Products;
			sourceTree = "<group>";
		};
		CF8AFE4F1DC05F99005FB1DD /* 2.4.5-FractionsToDecimals */ = {
			isa = PBXGroup;
			children = (
				CF8AFE501DC05F99005FB1DD /* main.cpp */,
			);
			path = "2.4.5-FractionsToDecimals";
			sourceTree = "<group>";
		};
/* End PBXGroup section */

/* Begin PBXNativeTarget section */
		CF8AFE4C1DC05F99005FB1DD /* 2.4.5-FractionsToDecimals */ = {
			isa = PBXNativeTarget;
			buildConfigurationList = CF8AFE541DC05F99005FB1DD /* Build configuration list for PBXNativeTarget "2.4.5-FractionsToDecimals" */;
			buildPhases = (
				CF8AFE491DC05F99005FB1DD /* Sources */,
				CF8AFE4A1DC05F99005FB1DD /* Frameworks */,
				CF8AFE4B1DC05F99005FB1DD /* CopyFiles */,
			);
			buildRules = (
			);
			dependencies = (
			);
			name = "2.4.5-FractionsToDecimals";
			productName = "2.4.5-FractionsToDecimals";
			productReference = CF8AFE4D1DC05F99005FB1DD /* 2.4.5-FractionsToDecimals */;
			productType = "com.apple.product-type.tool";
		};
/* End PBXNativeTarget section */

/* Begin PBXProject section */
		CF8AFE451DC05F99005FB1DD /* Project object */ = {
			isa = PBXProject;
			attributes = {
				LastUpgradeCheck = 0800;
				ORGANIZATIONNAME = "Yiran Wang";
				TargetAttributes = {
					CF8AFE4C1DC05F99005FB1DD = {
						CreatedOnToolsVersion = 8.0;
						ProvisioningStyle = Automatic;
					};
				};
			};
			buildConfigurationList = CF8AFE481DC05F99005FB1DD /* Build configuration list for PBXProject "2.4.5-FractionsToDecimals" */;
			compatibilityVersion = "Xcode 3.2";
			developmentRegion = English;
			hasScannedForEncodings = 0;
			knownRegions = (
				en,
			);
			mainGroup = CF8AFE441DC05F99005FB1DD;
			productRefGroup = CF8AFE4E1DC05F99005FB1DD /* Products */;
			projectDirPath = "";
			projectRoot = "";
			targets = (
				CF8AFE4C1DC05F99005FB1DD /* 2.4.5-FractionsToDecimals */,
			);
		};
/* End PBXProject section */

/* Begin PBXSourcesBuildPhase section */
		CF8AFE491DC05F99005FB1DD /* Sources */ = {
			isa = PBXSourcesBuildPhase;
			buildActionMask = 2147483647;
			files = (
				CF8AFE511DC05F99005FB1DD /* main.cpp in Sources */,
			);
			runOnlyForDeploymentPostprocessing = 0;
		};
/* End PBXSourcesBuildPhase section */

/* Begin XCBuildConfiguration section */
		CF8AFE521DC05F99005FB1DD /* Debug */ = {
			isa = XCBuildConfiguration;
			buildSettings = {
				ALWAYS_SEARCH_USER_PATHS = NO;
				CLANG_ANALYZER_NONNULL = YES;
				CLANG_CXX_LANGUAGE_STANDARD = "gnu++0x";
				CLANG_CXX_LIBRARY = "libc++";
				CLANG_ENABLE_MODULES = YES;
				CLANG_ENABLE_OBJC_ARC = YES;
				CLANG_WARN_BOOL_CONVERSION = YES;
				CLANG_WARN_CONSTANT_CONVERSION = YES;
				CLANG_WARN_DIRECT_OBJC_ISA_USAGE = YES_ERROR;
				CLANG_WARN_DOCUMENTATION_COMMENTS = YES;
				CLANG_WARN_EMPTY_BODY = YES;
				CLANG_WARN_ENUM_CONVERSION = YES;
				CLANG_WARN_INFINITE_RECURSION = YES;
				CLANG_WARN_INT_CONVERSION = YES;
				CLANG_WARN_OBJC_ROOT_CLASS = YES_ERROR;
				CLANG_WARN_SUSPICIOUS_MOVES = YES;
				CLANG_WARN_UNREACHABLE_CODE = YES;
				CLANG_WARN__DUPLICATE_METHOD_MATCH = YES;
				CODE_SIGN_IDENTITY = "-";
				COPY_PHASE_STRIP = NO;
				DEBUG_INFORMATION_FORMAT = dwarf;
				ENABLE_STRICT_OBJC_MSGSEND = YES;
				ENABLE_TESTABILITY = YES;
				GCC_C_LANGUAGE_STANDARD = gnu99;
				GCC_DYNAMIC_NO_PIC = NO;
				GCC_NO_COMMON_BLOCKS = YES;
				GCC_OPTIMIZATION_LEVEL = 0;
				GCC_PREPROCESSOR_DEFINITIONS = (
					"DEBUG=1",
					"$(inherited)",
				);
				GCC_WARN_64_TO_32_BIT_CONVERSION = YES;
				GCC_WARN_ABOUT_RETURN_TYPE = YES_ERROR;
				GCC_WARN_UNDECLARED_SELECTOR = YES;
				GCC_WARN_UNINITIALIZED_AUTOS = YES_AGGRESSIVE;
				GCC_WARN_UNUSED_FUNCTION = YES;
				GCC_WARN_UNUSED_VARIABLE = YES;
				MACOSX_DEPLOYMENT_TARGET = 10.12;
				MTL_ENABLE_DEBUG_INFO = YES;
				ONLY_ACTIVE_ARCH = YES;
				SDKROOT = macosx;
			};
			name = Debug;
		};
		CF8AFE531DC05F99005FB1DD /* Release */ = {
			isa = XCBuildConfiguration;
			buildSettings = {
				ALWAYS_SEARCH_USER_PATHS = NO;
				CLANG_ANALYZER_NONNULL = YES;
				CLANG_CXX_LANGUAGE_STANDARD = "gnu++0x";
				CLANG_CXX_LIBRARY = "libc++";
				CLANG_ENABLE_MODULES = YES;
				CLANG_ENABLE_OBJC_ARC = YES;
				CLANG_WARN_BOOL_CONVERSION = YES;
				CLANG_WARN_CONSTANT_CONVERSION = YES;
				CLANG_WARN_DIRECT_OBJC_ISA_USAGE = YES_ERROR;
				CLANG_WARN_DOCUMENTATION_COMMENTS = YES;
				CLANG_WARN_EMPTY_BODY = YES;
				CLANG_WARN_ENUM_CONVERSION = YES;
				CLANG_WARN_INFINITE_RECURSION = YES;
				CLANG_WARN_INT_CONVERSION = YES;
				CLANG_WARN_OBJC_ROOT_CLASS = YES_ERROR;
				CLANG_WARN_SUSPICIOUS_MOVES = YES;
				CLANG_WARN_UNREACHABLE_CODE = YES;
				CLANG_WARN__DUPLICATE_METHOD_MATCH = YES;
				CODE_SIGN_IDENTITY = "-";
				COPY_PHASE_STRIP = NO;
				DEBUG_INFORMATION_FORMAT = "dwarf-with-dsym";
				ENABLE_NS_ASSERTIONS = NO;
				ENABLE_STRICT_OBJC_MSGSEND = YES;
				GCC_C_LANGUAGE_STANDARD = gnu99;
				GCC_NO_COMMON_BLOCKS = YES;
				GCC_WARN_64_TO_32_BIT_CONVERSION = YES;
				GCC_WARN_ABOUT_RETURN_TYPE = YES_ERROR;
				GCC_WARN_UNDECLARED_SELECTOR = YES;
				GCC_WARN_UNINITIALIZED_AUTOS = YES_AGGRESSIVE;
				GCC_WARN_UNUSED_FUNCTION = YES;
				GCC_WARN_UNUSED_VARIABLE = YES;
				MACOSX_DEPLOYMENT_TARGET = 10.12;
				MTL_ENABLE_DEBUG_INFO = NO;
				SDKROOT = macosx;
			};
			name = Release;
		};
		CF8AFE551DC05F99005FB1DD /* Debug */ = {
			isa = XCBuildConfiguration;
			buildSettings = {
				PRODUCT_NAME = "$(TARGET_NAME)";
			};
			name = Debug;
		};
		CF8AFE561DC05F99005FB1DD /* Release */ = {
			isa = XCBuildConfiguration;
			buildSettings = {
				PRODUCT_NAME = "$(TARGET_NAME)";
			};
			name = Release;
		};
/* End XCBuildConfiguration section */

/* Begin XCConfigurationList section */
		CF8AFE481DC05F99005FB1DD /* Build configuration list for PBXProject "2.4.5-FractionsToDecimals" */ = {
			isa = XCConfigurationList;
			buildConfigurations = (
				CF8AFE521DC05F99005FB1DD /* Debug */,
				CF8AFE531DC05F99005FB1DD /* Release */,
			);
			defaultConfigurationIsVisible = 0;
			defaultConfigurationName = Release;
		};
		CF8AFE541DC05F99005FB1DD /* Build configuration list for PBXNativeTarget "2.4.5-FractionsToDecimals" */ = {
			isa = XCConfigurationList;
			buildConfigurations = (
				CF8AFE551DC05F99005FB1DD /* Debug */,
				CF8AFE561DC05F99005FB1DD /* Release */,
			);
			defaultConfigurationIsVisible = 0;
		};
/* End XCConfigurationList section */
	};
	rootObject = CF8AFE451DC05F99005FB1DD /* Project object */;
}
