// !$*UTF8*$!
{
	archiveVersion = 1;
	classes = {
	};
	objectVersion = 46;
	objects = {

/* Begin PBXBuildFile section */
		CFCBC71D1DA5C1A4008E0E34 /* main.cpp in Sources */ = {isa = PBXBuildFile; fileRef = CFCBC71C1DA5C1A4008E0E34 /* main.cpp */; };
/* End PBXBuildFile section */

/* Begin PBXCopyFilesBuildPhase section */
		CFCBC7171DA5C1A4008E0E34 /* CopyFiles */ = {
			isa = PBXCopyFilesBuildPhase;
			buildActionMask = 2147483647;
			dstPath = /usr/share/man/man1/;
			dstSubfolderSpec = 0;
			files = (
			);
			runOnlyForDeploymentPostprocessing = 1;
		};
/* End PBXCopyFilesBuildPhase section */

/* Begin PBXFileReference section */
		CFCBC7191DA5C1A4008E0E34 /* 2.2.2-SubsetSums */ = {isa = PBXFileReference; explicitFileType = "compiled.mach-o.executable"; includeInIndex = 0; path = "2.2.2-SubsetSums"; sourceTree = BUILT_PRODUCTS_DIR; };
		CFCBC71C1DA5C1A4008E0E34 /* main.cpp */ = {isa = PBXFileReference; lastKnownFileType = sourcecode.cpp.cpp; path = main.cpp; sourceTree = "<group>"; };
/* End PBXFileReference section */

/* Begin PBXFrameworksBuildPhase section */
		CFCBC7161DA5C1A4008E0E34 /* Frameworks */ = {
			isa = PBXFrameworksBuildPhase;
			buildActionMask = 2147483647;
			files = (
			);
			runOnlyForDeploymentPostprocessing = 0;
		};
/* End PBXFrameworksBuildPhase section */

/* Begin PBXGroup section */
		CFCBC7101DA5C1A4008E0E34 = {
			isa = PBXGroup;
			children = (
				CFCBC71B1DA5C1A4008E0E34 /* 2.2.2-SubsetSums */,
				CFCBC71A1DA5C1A4008E0E34 /* Products */,
			);
			sourceTree = "<group>";
		};
		CFCBC71A1DA5C1A4008E0E34 /* Products */ = {
			isa = PBXGroup;
			children = (
				CFCBC7191DA5C1A4008E0E34 /* 2.2.2-SubsetSums */,
			);
			name = Products;
			sourceTree = "<group>";
		};
		CFCBC71B1DA5C1A4008E0E34 /* 2.2.2-SubsetSums */ = {
			isa = PBXGroup;
			children = (
				CFCBC71C1DA5C1A4008E0E34 /* main.cpp */,
			);
			path = "2.2.2-SubsetSums";
			sourceTree = "<group>";
		};
/* End PBXGroup section */

/* Begin PBXNativeTarget section */
		CFCBC7181DA5C1A4008E0E34 /* 2.2.2-SubsetSums */ = {
			isa = PBXNativeTarget;
			buildConfigurationList = CFCBC7201DA5C1A4008E0E34 /* Build configuration list for PBXNativeTarget "2.2.2-SubsetSums" */;
			buildPhases = (
				CFCBC7151DA5C1A4008E0E34 /* Sources */,
				CFCBC7161DA5C1A4008E0E34 /* Frameworks */,
				CFCBC7171DA5C1A4008E0E34 /* CopyFiles */,
			);
			buildRules = (
			);
			dependencies = (
			);
			name = "2.2.2-SubsetSums";
			productName = "2.2.2-SubsetSums";
			productReference = CFCBC7191DA5C1A4008E0E34 /* 2.2.2-SubsetSums */;
			productType = "com.apple.product-type.tool";
		};
/* End PBXNativeTarget section */

/* Begin PBXProject section */
		CFCBC7111DA5C1A4008E0E34 /* Project object */ = {
			isa = PBXProject;
			attributes = {
				LastUpgradeCheck = 0800;
				ORGANIZATIONNAME = "Yiran Wang";
				TargetAttributes = {
					CFCBC7181DA5C1A4008E0E34 = {
						CreatedOnToolsVersion = 8.0;
						ProvisioningStyle = Automatic;
					};
				};
			};
			buildConfigurationList = CFCBC7141DA5C1A4008E0E34 /* Build configuration list for PBXProject "2.2.2-SubsetSums" */;
			compatibilityVersion = "Xcode 3.2";
			developmentRegion = English;
			hasScannedForEncodings = 0;
			knownRegions = (
				en,
			);
			mainGroup = CFCBC7101DA5C1A4008E0E34;
			productRefGroup = CFCBC71A1DA5C1A4008E0E34 /* Products */;
			projectDirPath = "";
			projectRoot = "";
			targets = (
				CFCBC7181DA5C1A4008E0E34 /* 2.2.2-SubsetSums */,
			);
		};
/* End PBXProject section */

/* Begin PBXSourcesBuildPhase section */
		CFCBC7151DA5C1A4008E0E34 /* Sources */ = {
			isa = PBXSourcesBuildPhase;
			buildActionMask = 2147483647;
			files = (
				CFCBC71D1DA5C1A4008E0E34 /* main.cpp in Sources */,
			);
			runOnlyForDeploymentPostprocessing = 0;
		};
/* End PBXSourcesBuildPhase section */

/* Begin XCBuildConfiguration section */
		CFCBC71E1DA5C1A4008E0E34 /* Debug */ = {
			isa = XCBuildConfiguration;
			buildSettings = {
				ALWAYS_SEARCH_USER_PATHS = NO;
				CLANG_ANALYZER_NONNULL = YES;
				CLANG_CXX_LANGUAGE_STANDARD = "gnu++0x";
				CLANG_CXX_LIBRARY = "libc++";
				CLANG_ENABLE_MODULES = YES;
				CLANG_ENABLE_OBJC_ARC = YES;
				CLANG_WARN_BOOL_CONVERSION = YES;
				CLANG_WARN_CONSTANT_CONVERSION = YES;
				CLANG_WARN_DIRECT_OBJC_ISA_USAGE = YES_ERROR;
				CLANG_WARN_DOCUMENTATION_COMMENTS = YES;
				CLANG_WARN_EMPTY_BODY = YES;
				CLANG_WARN_ENUM_CONVERSION = YES;
				CLANG_WARN_INFINITE_RECURSION = YES;
				CLANG_WARN_INT_CONVERSION = YES;
				CLANG_WARN_OBJC_ROOT_CLASS = YES_ERROR;
				CLANG_WARN_SUSPICIOUS_MOVES = YES;
				CLANG_WARN_UNREACHABLE_CODE = YES;
				CLANG_WARN__DUPLICATE_METHOD_MATCH = YES;
				CODE_SIGN_IDENTITY = "-";
				COPY_PHASE_STRIP = NO;
				DEBUG_INFORMATION_FORMAT = dwarf;
				ENABLE_STRICT_OBJC_MSGSEND = YES;
				ENABLE_TESTABILITY = YES;
				GCC_C_LANGUAGE_STANDARD = gnu99;
				GCC_DYNAMIC_NO_PIC = NO;
				GCC_NO_COMMON_BLOCKS = YES;
				GCC_OPTIMIZATION_LEVEL = 0;
				GCC_PREPROCESSOR_DEFINITIONS = (
					"DEBUG=1",
					"$(inherited)",
				);
				GCC_WARN_64_TO_32_BIT_CONVERSION = YES;
				GCC_WARN_ABOUT_RETURN_TYPE = YES_ERROR;
				GCC_WARN_UNDECLARED_SELECTOR = YES;
				GCC_WARN_UNINITIALIZED_AUTOS = YES_AGGRESSIVE;
				GCC_WARN_UNUSED_FUNCTION = YES;
				GCC_WARN_UNUSED_VARIABLE = YES;
				MACOSX_DEPLOYMENT_TARGET = 10.11;
				MTL_ENABLE_DEBUG_INFO = YES;
				ONLY_ACTIVE_ARCH = YES;
				SDKROOT = macosx;
			};
			name = Debug;
		};
		CFCBC71F1DA5C1A4008E0E34 /* Release */ = {
			isa = XCBuildConfiguration;
			buildSettings = {
				ALWAYS_SEARCH_USER_PATHS = NO;
				CLANG_ANALYZER_NONNULL = YES;
				CLANG_CXX_LANGUAGE_STANDARD = "gnu++0x";
				CLANG_CXX_LIBRARY = "libc++";
				CLANG_ENABLE_MODULES = YES;
				CLANG_ENABLE_OBJC_ARC = YES;
				CLANG_WARN_BOOL_CONVERSION = YES;
				CLANG_WARN_CONSTANT_CONVERSION = YES;
				CLANG_WARN_DIRECT_OBJC_ISA_USAGE = YES_ERROR;
				CLANG_WARN_DOCUMENTATION_COMMENTS = YES;
				CLANG_WARN_EMPTY_BODY = YES;
				CLANG_WARN_ENUM_CONVERSION = YES;
				CLANG_WARN_INFINITE_RECURSION = YES;
				CLANG_WARN_INT_CONVERSION = YES;
				CLANG_WARN_OBJC_ROOT_CLASS = YES_ERROR;
				CLANG_WARN_SUSPICIOUS_MOVES = YES;
				CLANG_WARN_UNREACHABLE_CODE = YES;
				CLANG_WARN__DUPLICATE_METHOD_MATCH = YES;
				CODE_SIGN_IDENTITY = "-";
				COPY_PHASE_STRIP = NO;
				DEBUG_INFORMATION_FORMAT = "dwarf-with-dsym";
				ENABLE_NS_ASSERTIONS = NO;
				ENABLE_STRICT_OBJC_MSGSEND = YES;
				GCC_C_LANGUAGE_STANDARD = gnu99;
				GCC_NO_COMMON_BLOCKS = YES;
				GCC_WARN_64_TO_32_BIT_CONVERSION = YES;
				GCC_WARN_ABOUT_RETURN_TYPE = YES_ERROR;
				GCC_WARN_UNDECLARED_SELECTOR = YES;
				GCC_WARN_UNINITIALIZED_AUTOS = YES_AGGRESSIVE;
				GCC_WARN_UNUSED_FUNCTION = YES;
				GCC_WARN_UNUSED_VARIABLE = YES;
				MACOSX_DEPLOYMENT_TARGET = 10.11;
				MTL_ENABLE_DEBUG_INFO = NO;
				SDKROOT = macosx;
			};
			name = Release;
		};
		CFCBC7211DA5C1A4008E0E34 /* Debug */ = {
			isa = XCBuildConfiguration;
			buildSettings = {
				PRODUCT_NAME = "$(TARGET_NAME)";
			};
			name = Debug;
		};
		CFCBC7221DA5C1A4008E0E34 /* Release */ = {
			isa = XCBuildConfiguration;
			buildSettings = {
				PRODUCT_NAME = "$(TARGET_NAME)";
			};
			name = Release;
		};
/* End XCBuildConfiguration section */

/* Begin XCConfigurationList section */
		CFCBC7141DA5C1A4008E0E34 /* Build configuration list for PBXProject "2.2.2-SubsetSums" */ = {
			isa = XCConfigurationList;
			buildConfigurations = (
				CFCBC71E1DA5C1A4008E0E34 /* Debug */,
				CFCBC71F1DA5C1A4008E0E34 /* Release */,
			);
			defaultConfigurationIsVisible = 0;
			defaultConfigurationName = Release;
		};
		CFCBC7201DA5C1A4008E0E34 /* Build configuration list for PBXNativeTarget "2.2.2-SubsetSums" */ = {
			isa = XCConfigurationList;
			buildConfigurations = (
				CFCBC7211DA5C1A4008E0E34 /* Debug */,
				CFCBC7221DA5C1A4008E0E34 /* Release */,
			);
			defaultConfigurationIsVisible = 0;
		};
/* End XCConfigurationList section */
	};
	rootObject = CFCBC7111DA5C1A4008E0E34 /* Project object */;
}
